
Microsoft Visual Studio Solution File, Format Version 12.00
# Visual Studio Version 17
VisualStudioVersion = 17.9.34622.214
MinimumVisualStudioVersion = 10.0.40219.1
Project("{FAE04EC0-301F-11D3-BF4B-00C04F79EFBC}") = "Entities", "Entities\Entities.csproj", "{0D3FCCA5-2F37-4956-AF65-82B70FA242A8}"
EndProject
Project("{FAE04EC0-301F-11D3-BF4B-00C04F79EFBC}") = "Helpers", "Helpers\Helpers.csproj", "{AC2A3B8D-2906-4F8E-8C0D-5E9D0BB83B10}"
EndProject
Project("{FAE04EC0-301F-11D3-BF4B-00C04F79EFBC}") = "Infra", "Infra\Infra.csproj", "{58127EDE-615A-466F-A9FA-F1CFFD9D3891}"
EndProject
Project("{FAE04EC0-301F-11D3-BF4B-00C04F79EFBC}") = "Domain", "Domain\Domain.csproj", "{110DF588-C116-4290-BBB5-37FDDA99AE0E}"
EndProject
Project("{FAE04EC0-301F-11D3-BF4B-00C04F79EFBC}") = "API", "API\API.csproj", "{211FF5D1-6398-4736-A4F9-ECBF53E0D27C}"
EndProject
Global
	GlobalSection(SolutionConfigurationPlatforms) = preSolution
		Debug|Any CPU = Debug|Any CPU
		Release|Any CPU = Release|Any CPU
	EndGlobalSection
	GlobalSection(ProjectConfigurationPlatforms) = postSolution
		{0D3FCCA5-2F37-4956-AF65-82B70FA242A8}.Debug|Any CPU.ActiveCfg = Debug|Any CPU
		{0D3FCCA5-2F37-4956-AF65-82B70FA242A8}.Debug|Any CPU.Build.0 = Debug|Any CPU
		{0D3FCCA5-2F37-4956-AF65-82B70FA242A8}.Release|Any CPU.ActiveCfg = Release|Any CPU
		{0D3FCCA5-2F37-4956-AF65-82B70FA242A8}.Release|Any CPU.Build.0 = Release|Any CPU
		{AC2A3B8D-2906-4F8E-8C0D-5E9D0BB83B10}.Debug|Any CPU.ActiveCfg = Debug|Any CPU
		{AC2A3B8D-2906-4F8E-8C0D-5E9D0BB83B10}.Debug|Any CPU.Build.0 = Debug|Any CPU
		{AC2A3B8D-2906-4F8E-8C0D-5E9D0BB83B10}.Release|Any CPU.ActiveCfg = Release|Any CPU
		{AC2A3B8D-2906-4F8E-8C0D-5E9D0BB83B10}.Release|Any CPU.Build.0 = Release|Any CPU
		{58127EDE-615A-466F-A9FA-F1CFFD9D3891}.Debug|Any CPU.ActiveCfg = Debug|Any CPU
		{58127EDE-615A-466F-A9FA-F1CFFD9D3891}.Debug|Any CPU.Build.0 = Debug|Any CPU
		{58127EDE-615A-466F-A9FA-F1CFFD9D3891}.Release|Any CPU.ActiveCfg = Release|Any CPU
		{58127EDE-615A-466F-A9FA-F1CFFD9D3891}.Release|Any CPU.Build.0 = Release|Any CPU
		{110DF588-C116-4290-BBB5-37FDDA99AE0E}.Debug|Any CPU.ActiveCfg = Debug|Any CPU
		{110DF588-C116-4290-BBB5-37FDDA99AE0E}.Debug|Any CPU.Build.0 = Debug|Any CPU
		{110DF588-C116-4290-BBB5-37FDDA99AE0E}.Release|Any CPU.ActiveCfg = Release|Any CPU
		{110DF588-C116-4290-BBB5-37FDDA99AE0E}.Release|Any CPU.Build.0 = Release|Any CPU
		{211FF5D1-6398-4736-A4F9-ECBF53E0D27C}.Debug|Any CPU.ActiveCfg = Debug|Any CPU
		{211FF5D1-6398-4736-A4F9-ECBF53E0D27C}.Debug|Any CPU.Build.0 = Debug|Any CPU
		{211FF5D1-6398-4736-A4F9-ECBF53E0D27C}.Release|Any CPU.ActiveCfg = Release|Any CPU
		{211FF5D1-6398-4736-A4F9-ECBF53E0D27C}.Release|Any CPU.Build.0 = Release|Any CPU
	EndGlobalSection
	GlobalSection(SolutionProperties) = preSolution
		HideSolutionNode = FALSE
	EndGlobalSection
	GlobalSection(ExtensibilityGlobals) = postSolution
		SolutionGuid = {CE93EA1B-4AB2-4481-8195-1CEB6D657CB5}
	EndGlobalSection
EndGlobal
